
Microsoft Visual Studio Solution File, Format Version 12.00
# Visual Studio Version 17
VisualStudioVersion = 17.12.35707.178
MinimumVisualStudioVersion = 10.0.40219.1
Project("{FAE04EC0-301F-11D3-BF4B-00C04F79EFBC}") = "MiniTV", "MiniTV\MiniTV.csproj", "{88490974-8E20-4F6E-9BF7-305BB048E4F2}"
EndProject
Project("{FAE04EC0-301F-11D3-BF4B-00C04F79EFBC}") = "DataBase", "DataBase\DataBase.csproj", "{E33F720D-E7C0-4C9B-812E-983C75EB224B}"
EndProject
Project("{FAE04EC0-301F-11D3-BF4B-00C04F79EFBC}") = "Aplication", "Aplication\Aplication.csproj", "{5A47978D-E98D-48D4-9E89-4D6D744525E1}"
EndProject
Global
	GlobalSection(SolutionConfigurationPlatforms) = preSolution
		Debug|Any CPU = Debug|Any CPU
		Release|Any CPU = Release|Any CPU
	EndGlobalSection
	GlobalSection(ProjectConfigurationPlatforms) = postSolution
		{88490974-8E20-4F6E-9BF7-305BB048E4F2}.Debug|Any CPU.ActiveCfg = Debug|Any CPU
		{88490974-8E20-4F6E-9BF7-305BB048E4F2}.Debug|Any CPU.Build.0 = Debug|Any CPU
		{88490974-8E20-4F6E-9BF7-305BB048E4F2}.Release|Any CPU.ActiveCfg = Release|Any CPU
		{88490974-8E20-4F6E-9BF7-305BB048E4F2}.Release|Any CPU.Build.0 = Release|Any CPU
		{E33F720D-E7C0-4C9B-812E-983C75EB224B}.Debug|Any CPU.ActiveCfg = Debug|Any CPU
		{E33F720D-E7C0-4C9B-812E-983C75EB224B}.Debug|Any CPU.Build.0 = Debug|Any CPU
		{E33F720D-E7C0-4C9B-812E-983C75EB224B}.Release|Any CPU.ActiveCfg = Release|Any CPU
		{E33F720D-E7C0-4C9B-812E-983C75EB224B}.Release|Any CPU.Build.0 = Release|Any CPU
		{5A47978D-E98D-48D4-9E89-4D6D744525E1}.Debug|Any CPU.ActiveCfg = Debug|Any CPU
		{5A47978D-E98D-48D4-9E89-4D6D744525E1}.Debug|Any CPU.Build.0 = Debug|Any CPU
		{5A47978D-E98D-48D4-9E89-4D6D744525E1}.Release|Any CPU.ActiveCfg = Release|Any CPU
		{5A47978D-E98D-48D4-9E89-4D6D744525E1}.Release|Any CPU.Build.0 = Release|Any CPU
	EndGlobalSection
	GlobalSection(SolutionProperties) = preSolution
		HideSolutionNode = FALSE
	EndGlobalSection
EndGlobal
